
Microsoft Visual Studio Solution File, Format Version 12.00
# Visual Studio 15
VisualStudioVersion = 15.0.28307.421
MinimumVisualStudioVersion = 10.0.40219.1
Project("{FAE04EC0-301F-11D3-BF4B-00C04F79EFBC}") = "OnlineBank", "OnlineBank\OnlineBank.csproj", "{95167414-7841-4A73-8E1C-451016811702}"
EndProject
Global
	GlobalSection(SolutionConfigurationPlatforms) = preSolution
		Debug|Any CPU = Debug|Any CPU
		Release|Any CPU = Release|Any CPU
	EndGlobalSection
	GlobalSection(ProjectConfigurationPlatforms) = postSolution
		{95167414-7841-4A73-8E1C-451016811702}.Debug|Any CPU.ActiveCfg = Debug|Any CPU
		{95167414-7841-4A73-8E1C-451016811702}.Debug|Any CPU.Build.0 = Debug|Any CPU
		{95167414-7841-4A73-8E1C-451016811702}.Release|Any CPU.ActiveCfg = Release|Any CPU
		{95167414-7841-4A73-8E1C-451016811702}.Release|Any CPU.Build.0 = Release|Any CPU
	EndGlobalSection
	GlobalSection(SolutionProperties) = preSolution
		HideSolutionNode = FALSE
	EndGlobalSection
	GlobalSection(ExtensibilityGlobals) = postSolution
		SolutionGuid = {56EF94E9-1322-4468-9C67-ED6F67EAFD7C}
	EndGlobalSection
EndGlobal
